// !$*UTF8*$!
{
	archiveVersion = 1;
	classes = {
	};
	objectVersion = 56;
	objects = {

/* Begin PBXBuildFile section */
		552BB66D2966123E0033FBE1 /* CalculatorVC.swift in Sources */ = {isa = PBXBuildFile; fileRef = 552BB66C2966123E0033FBE1 /* CalculatorVC.swift */; };
		552BB670296613760033FBE1 /* CalculatorScreen.swift in Sources */ = {isa = PBXBuildFile; fileRef = 552BB66F296613760033FBE1 /* CalculatorScreen.swift */; };
		5545E4B5295A048000AEB0AC /* AppDelegate.swift in Sources */ = {isa = PBXBuildFile; fileRef = 5545E4B4295A048000AEB0AC /* AppDelegate.swift */; };
		5545E4B7295A048000AEB0AC /* SceneDelegate.swift in Sources */ = {isa = PBXBuildFile; fileRef = 5545E4B6295A048000AEB0AC /* SceneDelegate.swift */; };
		5545E4B9295A048000AEB0AC /* HomeVC.swift in Sources */ = {isa = PBXBuildFile; fileRef = 5545E4B8295A048000AEB0AC /* HomeVC.swift */; };
		5545E4BE295A048100AEB0AC /* Assets.xcassets in Resources */ = {isa = PBXBuildFile; fileRef = 5545E4BD295A048100AEB0AC /* Assets.xcassets */; };
		5545E4C1295A048100AEB0AC /* LaunchScreen.storyboard in Resources */ = {isa = PBXBuildFile; fileRef = 5545E4BF295A048100AEB0AC /* LaunchScreen.storyboard */; };
		5545E4CE295A14CF00AEB0AC /* HomeScreen.swift in Sources */ = {isa = PBXBuildFile; fileRef = 5545E4CD295A14CF00AEB0AC /* HomeScreen.swift */; };
		5590A10629685CAD00D002FC /* Alert.swift in Sources */ = {isa = PBXBuildFile; fileRef = 5590A10529685CAD00D002FC /* Alert.swift */; };
		5598B2732974354F00D97F25 /* ResultVC.swift in Sources */ = {isa = PBXBuildFile; fileRef = 5598B2722974354F00D97F25 /* ResultVC.swift */; };
		5598B2762974359B00D97F25 /* ResultScreen.swift in Sources */ = {isa = PBXBuildFile; fileRef = 5598B2752974359B00D97F25 /* ResultScreen.swift */; };
		5598B279297588B300D97F25 /* UiTextField + Extension.swift in Sources */ = {isa = PBXBuildFile; fileRef = 5598B278297588B300D97F25 /* UiTextField + Extension.swift */; };
		5598B27B29758E1600D97F25 /* UiViewController + Extension.swift in Sources */ = {isa = PBXBuildFile; fileRef = 5598B27A29758E1600D97F25 /* UiViewController + Extension.swift */; };
		6892CD94A4ECFA1122E2BC6C /* Pods_AppAlcoolOuGasolina.framework in Frameworks */ = {isa = PBXBuildFile; fileRef = 676D5E6D727B736891FAECF9 /* Pods_AppAlcoolOuGasolina.framework */; };
/* End PBXBuildFile section */

/* Begin PBXFileReference section */
		4FCCAB9D63EAB8E3FED10354 /* Pods-AppAlcoolOuGasolina.debug.xcconfig */ = {isa = PBXFileReference; includeInIndex = 1; lastKnownFileType = text.xcconfig; name = "Pods-AppAlcoolOuGasolina.debug.xcconfig"; path = "Target Support Files/Pods-AppAlcoolOuGasolina/Pods-AppAlcoolOuGasolina.debug.xcconfig"; sourceTree = "<group>"; };
		552BB66C2966123E0033FBE1 /* CalculatorVC.swift */ = {isa = PBXFileReference; lastKnownFileType = sourcecode.swift; path = CalculatorVC.swift; sourceTree = "<group>"; };
		552BB66F296613760033FBE1 /* CalculatorScreen.swift */ = {isa = PBXFileReference; lastKnownFileType = sourcecode.swift; path = CalculatorScreen.swift; sourceTree = "<group>"; };
		5545E4B1295A048000AEB0AC /* AppAlcoolOuGasolina.app */ = {isa = PBXFileReference; explicitFileType = wrapper.application; includeInIndex = 0; path = AppAlcoolOuGasolina.app; sourceTree = BUILT_PRODUCTS_DIR; };
		5545E4B4295A048000AEB0AC /* AppDelegate.swift */ = {isa = PBXFileReference; lastKnownFileType = sourcecode.swift; path = AppDelegate.swift; sourceTree = "<group>"; };
		5545E4B6295A048000AEB0AC /* SceneDelegate.swift */ = {isa = PBXFileReference; lastKnownFileType = sourcecode.swift; path = SceneDelegate.swift; sourceTree = "<group>"; };
		5545E4B8295A048000AEB0AC /* HomeVC.swift */ = {isa = PBXFileReference; lastKnownFileType = sourcecode.swift; path = HomeVC.swift; sourceTree = "<group>"; wrapsLines = 1; };
		5545E4BD295A048100AEB0AC /* Assets.xcassets */ = {isa = PBXFileReference; lastKnownFileType = folder.assetcatalog; path = Assets.xcassets; sourceTree = "<group>"; };
		5545E4C0295A048100AEB0AC /* Base */ = {isa = PBXFileReference; lastKnownFileType = file.storyboard; name = Base; path = Base.lproj/LaunchScreen.storyboard; sourceTree = "<group>"; };
		5545E4C2295A048100AEB0AC /* Info.plist */ = {isa = PBXFileReference; lastKnownFileType = text.plist.xml; path = Info.plist; sourceTree = "<group>"; };
		5545E4CD295A14CF00AEB0AC /* HomeScreen.swift */ = {isa = PBXFileReference; lastKnownFileType = sourcecode.swift; path = HomeScreen.swift; sourceTree = "<group>"; };
		5590A10529685CAD00D002FC /* Alert.swift */ = {isa = PBXFileReference; lastKnownFileType = sourcecode.swift; path = Alert.swift; sourceTree = "<group>"; };
		5598B2722974354F00D97F25 /* ResultVC.swift */ = {isa = PBXFileReference; lastKnownFileType = sourcecode.swift; path = ResultVC.swift; sourceTree = "<group>"; };
		5598B2752974359B00D97F25 /* ResultScreen.swift */ = {isa = PBXFileReference; lastKnownFileType = sourcecode.swift; path = ResultScreen.swift; sourceTree = "<group>"; };
		5598B278297588B300D97F25 /* UiTextField + Extension.swift */ = {isa = PBXFileReference; lastKnownFileType = sourcecode.swift; path = "UiTextField + Extension.swift"; sourceTree = "<group>"; };
		5598B27A29758E1600D97F25 /* UiViewController + Extension.swift */ = {isa = PBXFileReference; lastKnownFileType = sourcecode.swift; path = "UiViewController + Extension.swift"; sourceTree = "<group>"; };
		676D5E6D727B736891FAECF9 /* Pods_AppAlcoolOuGasolina.framework */ = {isa = PBXFileReference; explicitFileType = wrapper.framework; includeInIndex = 0; path = Pods_AppAlcoolOuGasolina.framework; sourceTree = BUILT_PRODUCTS_DIR; };
		851E67687669C7D82E067265 /* Pods-AppAlcoolOuGasolina.release.xcconfig */ = {isa = PBXFileReference; includeInIndex = 1; lastKnownFileType = text.xcconfig; name = "Pods-AppAlcoolOuGasolina.release.xcconfig"; path = "Target Support Files/Pods-AppAlcoolOuGasolina/Pods-AppAlcoolOuGasolina.release.xcconfig"; sourceTree = "<group>"; };
/* End PBXFileReference section */

/* Begin PBXFrameworksBuildPhase section */
		5545E4AE295A048000AEB0AC /* Frameworks */ = {
			isa = PBXFrameworksBuildPhase;
			buildActionMask = 2147483647;
			files = (
				6892CD94A4ECFA1122E2BC6C /* Pods_AppAlcoolOuGasolina.framework in Frameworks */,
			);
			runOnlyForDeploymentPostprocessing = 0;
		};
/* End PBXFrameworksBuildPhase section */

/* Begin PBXGroup section */
		552BB66B296611DB0033FBE1 /* Calculator */ = {
			isa = PBXGroup;
			children = (
				552BB66E2966134C0033FBE1 /* screen */,
				552BB66C2966123E0033FBE1 /* CalculatorVC.swift */,
			);
			path = Calculator;
			sourceTree = "<group>";
		};
		552BB66E2966134C0033FBE1 /* screen */ = {
			isa = PBXGroup;
			children = (
				552BB66F296613760033FBE1 /* CalculatorScreen.swift */,
			);
			path = screen;
			sourceTree = "<group>";
		};
		5545E4A8295A048000AEB0AC = {
			isa = PBXGroup;
			children = (
				5545E4B3295A048000AEB0AC /* AppAlcoolOuGasolina */,
				5545E4B2295A048000AEB0AC /* Products */,
				ABD9DDD1F8CF7EE26FAF55A2 /* Pods */,
				A4BE5825A405F8E7B5E68D23 /* Frameworks */,
			);
			sourceTree = "<group>";
		};
		5545E4B2295A048000AEB0AC /* Products */ = {
			isa = PBXGroup;
			children = (
				5545E4B1295A048000AEB0AC /* AppAlcoolOuGasolina.app */,
			);
			name = Products;
			sourceTree = "<group>";
		};
		5545E4B3295A048000AEB0AC /* AppAlcoolOuGasolina */ = {
			isa = PBXGroup;
			children = (
				5598B2772975887B00D97F25 /* Extension */,
				5598B2712974350000D97F25 /* Result */,
				5590A10429685C7300D002FC /* Alert */,
				552BB66B296611DB0033FBE1 /* Calculator */,
				5545E4C8295A141B00AEB0AC /* Home */,
				5545E4B4295A048000AEB0AC /* AppDelegate.swift */,
				5545E4B6295A048000AEB0AC /* SceneDelegate.swift */,
				5545E4BD295A048100AEB0AC /* Assets.xcassets */,
				5545E4BF295A048100AEB0AC /* LaunchScreen.storyboard */,
				5545E4C2295A048100AEB0AC /* Info.plist */,
			);
			path = AppAlcoolOuGasolina;
			sourceTree = "<group>";
		};
		5545E4C8295A141B00AEB0AC /* Home */ = {
			isa = PBXGroup;
			children = (
				5545E4CC295A14B000AEB0AC /* Screen */,
				5545E4B8295A048000AEB0AC /* HomeVC.swift */,
			);
			path = Home;
			sourceTree = "<group>";
		};
		5545E4CC295A14B000AEB0AC /* Screen */ = {
			isa = PBXGroup;
			children = (
				5545E4CD295A14CF00AEB0AC /* HomeScreen.swift */,
			);
			path = Screen;
			sourceTree = "<group>";
		};
		5590A10429685C7300D002FC /* Alert */ = {
			isa = PBXGroup;
			children = (
				5590A10529685CAD00D002FC /* Alert.swift */,
			);
			path = Alert;
			sourceTree = "<group>";
		};
		5598B2712974350000D97F25 /* Result */ = {
			isa = PBXGroup;
			children = (
				5598B2742974356C00D97F25 /* Screen */,
				5598B2722974354F00D97F25 /* ResultVC.swift */,
			);
			path = Result;
			sourceTree = "<group>";
		};
		5598B2742974356C00D97F25 /* Screen */ = {
			isa = PBXGroup;
			children = (
				5598B2752974359B00D97F25 /* ResultScreen.swift */,
			);
			path = Screen;
			sourceTree = "<group>";
		};
		5598B2772975887B00D97F25 /* Extension */ = {
			isa = PBXGroup;
			children = (
				5598B278297588B300D97F25 /* UiTextField + Extension.swift */,
				5598B27A29758E1600D97F25 /* UiViewController + Extension.swift */,
			);
			path = Extension;
			sourceTree = "<group>";
		};
		A4BE5825A405F8E7B5E68D23 /* Frameworks */ = {
			isa = PBXGroup;
			children = (
				676D5E6D727B736891FAECF9 /* Pods_AppAlcoolOuGasolina.framework */,
			);
			name = Frameworks;
			sourceTree = "<group>";
		};
		ABD9DDD1F8CF7EE26FAF55A2 /* Pods */ = {
			isa = PBXGroup;
			children = (
				4FCCAB9D63EAB8E3FED10354 /* Pods-AppAlcoolOuGasolina.debug.xcconfig */,
				851E67687669C7D82E067265 /* Pods-AppAlcoolOuGasolina.release.xcconfig */,
			);
			path = Pods;
			sourceTree = "<group>";
		};
/* End PBXGroup section */

/* Begin PBXNativeTarget section */
		5545E4B0295A048000AEB0AC /* AppAlcoolOuGasolina */ = {
			isa = PBXNativeTarget;
			buildConfigurationList = 5545E4C5295A048100AEB0AC /* Build configuration list for PBXNativeTarget "AppAlcoolOuGasolina" */;
			buildPhases = (
				74E9DBEE7FEA29733F6D71FE /* [CP] Check Pods Manifest.lock */,
				5545E4AD295A048000AEB0AC /* Sources */,
				5545E4AE295A048000AEB0AC /* Frameworks */,
				5545E4AF295A048000AEB0AC /* Resources */,
				173E5C02E90680DAA13A0697 /* [CP] Embed Pods Frameworks */,
			);
			buildRules = (
			);
			dependencies = (
			);
			name = AppAlcoolOuGasolina;
			productName = AppAlcoolOuGasolina;
			productReference = 5545E4B1295A048000AEB0AC /* AppAlcoolOuGasolina.app */;
			productType = "com.apple.product-type.application";
		};
/* End PBXNativeTarget section */

/* Begin PBXProject section */
		5545E4A9295A048000AEB0AC /* Project object */ = {
			isa = PBXProject;
			attributes = {
				BuildIndependentTargetsInParallel = 1;
				LastSwiftUpdateCheck = 1420;
				LastUpgradeCheck = 1420;
				TargetAttributes = {
					5545E4B0295A048000AEB0AC = {
						CreatedOnToolsVersion = 14.2;
					};
				};
			};
			buildConfigurationList = 5545E4AC295A048000AEB0AC /* Build configuration list for PBXProject "AppAlcoolOuGasolina" */;
			compatibilityVersion = "Xcode 14.0";
			developmentRegion = en;
			hasScannedForEncodings = 0;
			knownRegions = (
				en,
				Base,
			);
			mainGroup = 5545E4A8295A048000AEB0AC;
			productRefGroup = 5545E4B2295A048000AEB0AC /* Products */;
			projectDirPath = "";
			projectRoot = "";
			targets = (
				5545E4B0295A048000AEB0AC /* AppAlcoolOuGasolina */,
			);
		};
/* End PBXProject section */

/* Begin PBXResourcesBuildPhase section */
		5545E4AF295A048000AEB0AC /* Resources */ = {
			isa = PBXResourcesBuildPhase;
			buildActionMask = 2147483647;
			files = (
				5545E4C1295A048100AEB0AC /* LaunchScreen.storyboard in Resources */,
				5545E4BE295A048100AEB0AC /* Assets.xcassets in Resources */,
			);
			runOnlyForDeploymentPostprocessing = 0;
		};
/* End PBXResourcesBuildPhase section */

/* Begin PBXShellScriptBuildPhase section */
		173E5C02E90680DAA13A0697 /* [CP] Embed Pods Frameworks */ = {
			isa = PBXShellScriptBuildPhase;
			buildActionMask = 2147483647;
			files = (
			);
			inputFileListPaths = (
				"${PODS_ROOT}/Target Support Files/Pods-AppAlcoolOuGasolina/Pods-AppAlcoolOuGasolina-frameworks-${CONFIGURATION}-input-files.xcfilelist",
			);
			name = "[CP] Embed Pods Frameworks";
			outputFileListPaths = (
				"${PODS_ROOT}/Target Support Files/Pods-AppAlcoolOuGasolina/Pods-AppAlcoolOuGasolina-frameworks-${CONFIGURATION}-output-files.xcfilelist",
			);
			runOnlyForDeploymentPostprocessing = 0;
			shellPath = /bin/sh;
			shellScript = "\"${PODS_ROOT}/Target Support Files/Pods-AppAlcoolOuGasolina/Pods-AppAlcoolOuGasolina-frameworks.sh\"\n";
			showEnvVarsInLog = 0;
		};
		74E9DBEE7FEA29733F6D71FE /* [CP] Check Pods Manifest.lock */ = {
			isa = PBXShellScriptBuildPhase;
			buildActionMask = 2147483647;
			files = (
			);
			inputFileListPaths = (
			);
			inputPaths = (
				"${PODS_PODFILE_DIR_PATH}/Podfile.lock",
				"${PODS_ROOT}/Manifest.lock",
			);
			name = "[CP] Check Pods Manifest.lock";
			outputFileListPaths = (
			);
			outputPaths = (
				"$(DERIVED_FILE_DIR)/Pods-AppAlcoolOuGasolina-checkManifestLockResult.txt",
			);
			runOnlyForDeploymentPostprocessing = 0;
			shellPath = /bin/sh;
			shellScript = "diff \"${PODS_PODFILE_DIR_PATH}/Podfile.lock\" \"${PODS_ROOT}/Manifest.lock\" > /dev/null\nif [ $? != 0 ] ; then\n    # print error to STDERR\n    echo \"error: The sandbox is not in sync with the Podfile.lock. Run 'pod install' or update your CocoaPods installation.\" >&2\n    exit 1\nfi\n# This output is used by Xcode 'outputs' to avoid re-running this script phase.\necho \"SUCCESS\" > \"${SCRIPT_OUTPUT_FILE_0}\"\n";
			showEnvVarsInLog = 0;
		};
/* End PBXShellScriptBuildPhase section */

/* Begin PBXSourcesBuildPhase section */
		5545E4AD295A048000AEB0AC /* Sources */ = {
			isa = PBXSourcesBuildPhase;
			buildActionMask = 2147483647;
			files = (
				552BB66D2966123E0033FBE1 /* CalculatorVC.swift in Sources */,
				5598B2732974354F00D97F25 /* ResultVC.swift in Sources */,
				5545E4CE295A14CF00AEB0AC /* HomeScreen.swift in Sources */,
				5545E4B9295A048000AEB0AC /* HomeVC.swift in Sources */,
				5598B2762974359B00D97F25 /* ResultScreen.swift in Sources */,
				5598B27B29758E1600D97F25 /* UiViewController + Extension.swift in Sources */,
				5545E4B5295A048000AEB0AC /* AppDelegate.swift in Sources */,
				5545E4B7295A048000AEB0AC /* SceneDelegate.swift in Sources */,
				552BB670296613760033FBE1 /* CalculatorScreen.swift in Sources */,
				5590A10629685CAD00D002FC /* Alert.swift in Sources */,
				5598B279297588B300D97F25 /* UiTextField + Extension.swift in Sources */,
			);
			runOnlyForDeploymentPostprocessing = 0;
		};
/* End PBXSourcesBuildPhase section */

/* Begin PBXVariantGroup section */
		5545E4BF295A048100AEB0AC /* LaunchScreen.storyboard */ = {
			isa = PBXVariantGroup;
			children = (
				5545E4C0295A048100AEB0AC /* Base */,
			);
			name = LaunchScreen.storyboard;
			sourceTree = "<group>";
		};
/* End PBXVariantGroup section */

/* Begin XCBuildConfiguration section */
		5545E4C3295A048100AEB0AC /* Debug */ = {
			isa = XCBuildConfiguration;
			buildSettings = {
				ALWAYS_SEARCH_USER_PATHS = NO;
				CLANG_ANALYZER_NONNULL = YES;
				CLANG_ANALYZER_NUMBER_OBJECT_CONVERSION = YES_AGGRESSIVE;
				CLANG_CXX_LANGUAGE_STANDARD = "gnu++20";
				CLANG_ENABLE_MODULES = YES;
				CLANG_ENABLE_OBJC_ARC = YES;
				CLANG_ENABLE_OBJC_WEAK = YES;
				CLANG_WARN_BLOCK_CAPTURE_AUTORELEASING = YES;
				CLANG_WARN_BOOL_CONVERSION = YES;
				CLANG_WARN_COMMA = YES;
				CLANG_WARN_CONSTANT_CONVERSION = YES;
				CLANG_WARN_DEPRECATED_OBJC_IMPLEMENTATIONS = YES;
				CLANG_WARN_DIRECT_OBJC_ISA_USAGE = YES_ERROR;
				CLANG_WARN_DOCUMENTATION_COMMENTS = YES;
				CLANG_WARN_EMPTY_BODY = YES;
				CLANG_WARN_ENUM_CONVERSION = YES;
				CLANG_WARN_INFINITE_RECURSION = YES;
				CLANG_WARN_INT_CONVERSION = YES;
				CLANG_WARN_NON_LITERAL_NULL_CONVERSION = YES;
				CLANG_WARN_OBJC_IMPLICIT_RETAIN_SELF = YES;
				CLANG_WARN_OBJC_LITERAL_CONVERSION = YES;
				CLANG_WARN_OBJC_ROOT_CLASS = YES_ERROR;
				CLANG_WARN_QUOTED_INCLUDE_IN_FRAMEWORK_HEADER = YES;
				CLANG_WARN_RANGE_LOOP_ANALYSIS = YES;
				CLANG_WARN_STRICT_PROTOTYPES = YES;
				CLANG_WARN_SUSPICIOUS_MOVE = YES;
				CLANG_WARN_UNGUARDED_AVAILABILITY = YES_AGGRESSIVE;
				CLANG_WARN_UNREACHABLE_CODE = YES;
				CLANG_WARN__DUPLICATE_METHOD_MATCH = YES;
				COPY_PHASE_STRIP = NO;
				DEBUG_INFORMATION_FORMAT = dwarf;
				ENABLE_STRICT_OBJC_MSGSEND = YES;
				ENABLE_TESTABILITY = YES;
				GCC_C_LANGUAGE_STANDARD = gnu11;
				GCC_DYNAMIC_NO_PIC = NO;
				GCC_NO_COMMON_BLOCKS = YES;
				GCC_OPTIMIZATION_LEVEL = 0;
				GCC_PREPROCESSOR_DEFINITIONS = (
					"DEBUG=1",
					"$(inherited)",
				);
				GCC_WARN_64_TO_32_BIT_CONVERSION = YES;
				GCC_WARN_ABOUT_RETURN_TYPE = YES_ERROR;
				GCC_WARN_UNDECLARED_SELECTOR = YES;
				GCC_WARN_UNINITIALIZED_AUTOS = YES_AGGRESSIVE;
				GCC_WARN_UNUSED_FUNCTION = YES;
				GCC_WARN_UNUSED_VARIABLE = YES;
				IPHONEOS_DEPLOYMENT_TARGET = 16.2;
				MTL_ENABLE_DEBUG_INFO = INCLUDE_SOURCE;
				MTL_FAST_MATH = YES;
				ONLY_ACTIVE_ARCH = YES;
				SDKROOT = iphoneos;
				SWIFT_ACTIVE_COMPILATION_CONDITIONS = DEBUG;
				SWIFT_OPTIMIZATION_LEVEL = "-Onone";
			};
			name = Debug;
		};
		5545E4C4295A048100AEB0AC /* Release */ = {
			isa = XCBuildConfiguration;
			buildSettings = {
				ALWAYS_SEARCH_USER_PATHS = NO;
				CLANG_ANALYZER_NONNULL = YES;
				CLANG_ANALYZER_NUMBER_OBJECT_CONVERSION = YES_AGGRESSIVE;
				CLANG_CXX_LANGUAGE_STANDARD = "gnu++20";
				CLANG_ENABLE_MODULES = YES;
				CLANG_ENABLE_OBJC_ARC = YES;
				CLANG_ENABLE_OBJC_WEAK = YES;
				CLANG_WARN_BLOCK_CAPTURE_AUTORELEASING = YES;
				CLANG_WARN_BOOL_CONVERSION = YES;
				CLANG_WARN_COMMA = YES;
				CLANG_WARN_CONSTANT_CONVERSION = YES;
				CLANG_WARN_DEPRECATED_OBJC_IMPLEMENTATIONS = YES;
				CLANG_WARN_DIRECT_OBJC_ISA_USAGE = YES_ERROR;
				CLANG_WARN_DOCUMENTATION_COMMENTS = YES;
				CLANG_WARN_EMPTY_BODY = YES;
				CLANG_WARN_ENUM_CONVERSION = YES;
				CLANG_WARN_INFINITE_RECURSION = YES;
				CLANG_WARN_INT_CONVERSION = YES;
				CLANG_WARN_NON_LITERAL_NULL_CONVERSION = YES;
				CLANG_WARN_OBJC_IMPLICIT_RETAIN_SELF = YES;
				CLANG_WARN_OBJC_LITERAL_CONVERSION = YES;
				CLANG_WARN_OBJC_ROOT_CLASS = YES_ERROR;
				CLANG_WARN_QUOTED_INCLUDE_IN_FRAMEWORK_HEADER = YES;
				CLANG_WARN_RANGE_LOOP_ANALYSIS = YES;
				CLANG_WARN_STRICT_PROTOTYPES = YES;
				CLANG_WARN_SUSPICIOUS_MOVE = YES;
				CLANG_WARN_UNGUARDED_AVAILABILITY = YES_AGGRESSIVE;
				CLANG_WARN_UNREACHABLE_CODE = YES;
				CLANG_WARN__DUPLICATE_METHOD_MATCH = YES;
				COPY_PHASE_STRIP = NO;
				DEBUG_INFORMATION_FORMAT = "dwarf-with-dsym";
				ENABLE_NS_ASSERTIONS = NO;
				ENABLE_STRICT_OBJC_MSGSEND = YES;
				GCC_C_LANGUAGE_STANDARD = gnu11;
				GCC_NO_COMMON_BLOCKS = YES;
				GCC_WARN_64_TO_32_BIT_CONVERSION = YES;
				GCC_WARN_ABOUT_RETURN_TYPE = YES_ERROR;
				GCC_WARN_UNDECLARED_SELECTOR = YES;
				GCC_WARN_UNINITIALIZED_AUTOS = YES_AGGRESSIVE;
				GCC_WARN_UNUSED_FUNCTION = YES;
				GCC_WARN_UNUSED_VARIABLE = YES;
				IPHONEOS_DEPLOYMENT_TARGET = 16.2;
				MTL_ENABLE_DEBUG_INFO = NO;
				MTL_FAST_MATH = YES;
				SDKROOT = iphoneos;
				SWIFT_COMPILATION_MODE = wholemodule;
				SWIFT_OPTIMIZATION_LEVEL = "-O";
				VALIDATE_PRODUCT = YES;
			};
			name = Release;
		};
		5545E4C6295A048100AEB0AC /* Debug */ = {
			isa = XCBuildConfiguration;
			baseConfigurationReference = 4FCCAB9D63EAB8E3FED10354 /* Pods-AppAlcoolOuGasolina.debug.xcconfig */;
			buildSettings = {
				ASSETCATALOG_COMPILER_APPICON_NAME = AppIcon;
				ASSETCATALOG_COMPILER_GLOBAL_ACCENT_COLOR_NAME = AccentColor;
				CODE_SIGN_STYLE = Automatic;
				CURRENT_PROJECT_VERSION = 1;
				GENERATE_INFOPLIST_FILE = YES;
				INFOPLIST_FILE = AppAlcoolOuGasolina/Info.plist;
				INFOPLIST_KEY_UIApplicationSupportsIndirectInputEvents = YES;
				INFOPLIST_KEY_UILaunchStoryboardName = LaunchScreen;
				INFOPLIST_KEY_UISupportedInterfaceOrientations_iPad = "UIInterfaceOrientationPortrait UIInterfaceOrientationPortraitUpsideDown UIInterfaceOrientationLandscapeLeft UIInterfaceOrientationLandscapeRight";
				INFOPLIST_KEY_UISupportedInterfaceOrientations_iPhone = "UIInterfaceOrientationPortrait UIInterfaceOrientationLandscapeLeft UIInterfaceOrientationLandscapeRight";
				LD_RUNPATH_SEARCH_PATHS = (
					"$(inherited)",
					"@executable_path/Frameworks",
				);
				MARKETING_VERSION = 1.0;
				PRODUCT_BUNDLE_IDENTIFIER = com.felipexangeli.AppAlcoolOuGasolina;
				PRODUCT_NAME = "$(TARGET_NAME)";
				SUPPORTED_PLATFORMS = "iphoneos iphonesimulator";
				SUPPORTS_MACCATALYST = NO;
				SUPPORTS_MAC_DESIGNED_FOR_IPHONE_IPAD = NO;
				SWIFT_EMIT_LOC_STRINGS = YES;
				SWIFT_VERSION = 5.0;
				TARGETED_DEVICE_FAMILY = 1;
			};
			name = Debug;
		};
		5545E4C7295A048100AEB0AC /* Release */ = {
			isa = XCBuildConfiguration;
			baseConfigurationReference = 851E67687669C7D82E067265 /* Pods-AppAlcoolOuGasolina.release.xcconfig */;
			buildSettings = {
				ASSETCATALOG_COMPILER_APPICON_NAME = AppIcon;
				ASSETCATALOG_COMPILER_GLOBAL_ACCENT_COLOR_NAME = AccentColor;
				CODE_SIGN_STYLE = Automatic;
				CURRENT_PROJECT_VERSION = 1;
				GENERATE_INFOPLIST_FILE = YES;
				INFOPLIST_FILE = AppAlcoolOuGasolina/Info.plist;
				INFOPLIST_KEY_UIApplicationSupportsIndirectInputEvents = YES;
				INFOPLIST_KEY_UILaunchStoryboardName = LaunchScreen;
				INFOPLIST_KEY_UISupportedInterfaceOrientations_iPad = "UIInterfaceOrientationPortrait UIInterfaceOrientationPortraitUpsideDown UIInterfaceOrientationLandscapeLeft UIInterfaceOrientationLandscapeRight";
				INFOPLIST_KEY_UISupportedInterfaceOrientations_iPhone = "UIInterfaceOrientationPortrait UIInterfaceOrientationLandscapeLeft UIInterfaceOrientationLandscapeRight";
				LD_RUNPATH_SEARCH_PATHS = (
					"$(inherited)",
					"@executable_path/Frameworks",
				);
				MARKETING_VERSION = 1.0;
				PRODUCT_BUNDLE_IDENTIFIER = com.felipexangeli.AppAlcoolOuGasolina;
				PRODUCT_NAME = "$(TARGET_NAME)";
				SUPPORTED_PLATFORMS = "iphoneos iphonesimulator";
				SUPPORTS_MACCATALYST = NO;
				SUPPORTS_MAC_DESIGNED_FOR_IPHONE_IPAD = NO;
				SWIFT_EMIT_LOC_STRINGS = YES;
				SWIFT_VERSION = 5.0;
				TARGETED_DEVICE_FAMILY = 1;
			};
			name = Release;
		};
/* End XCBuildConfiguration section */

/* Begin XCConfigurationList section */
		5545E4AC295A048000AEB0AC /* Build configuration list for PBXProject "AppAlcoolOuGasolina" */ = {
			isa = XCConfigurationList;
			buildConfigurations = (
				5545E4C3295A048100AEB0AC /* Debug */,
				5545E4C4295A048100AEB0AC /* Release */,
			);
			defaultConfigurationIsVisible = 0;
			defaultConfigurationName = Release;
		};
		5545E4C5295A048100AEB0AC /* Build configuration list for PBXNativeTarget "AppAlcoolOuGasolina" */ = {
			isa = XCConfigurationList;
			buildConfigurations = (
				5545E4C6295A048100AEB0AC /* Debug */,
				5545E4C7295A048100AEB0AC /* Release */,
			);
			defaultConfigurationIsVisible = 0;
			defaultConfigurationName = Release;
		};
/* End XCConfigurationList section */
	};
	rootObject = 5545E4A9295A048000AEB0AC /* Project object */;
}
